// !$*UTF8*$!
{
	archiveVersion = 1;
	classes = {
	};
	objectVersion = 46;
	objects = {

/* Begin PBXBuildFile section */
		67C4B0711D484FB8000DF22A /* AppDelegate.swift in Sources */ = {isa = PBXBuildFile; fileRef = 67C4B0701D484FB8000DF22A /* AppDelegate.swift */; };
		67C4B0741D484FB8000DF22A /* blogReadz.xcdatamodeld in Sources */ = {isa = PBXBuildFile; fileRef = 67C4B0721D484FB8000DF22A /* blogReadz.xcdatamodeld */; };
		67C4B0761D484FB8000DF22A /* MasterViewController.swift in Sources */ = {isa = PBXBuildFile; fileRef = 67C4B0751D484FB8000DF22A /* MasterViewController.swift */; };
		67C4B0781D484FB8000DF22A /* DetailViewController.swift in Sources */ = {isa = PBXBuildFile; fileRef = 67C4B0771D484FB8000DF22A /* DetailViewController.swift */; };
		67C4B07B1D484FB8000DF22A /* Main.storyboard in Resources */ = {isa = PBXBuildFile; fileRef = 67C4B0791D484FB8000DF22A /* Main.storyboard */; };
		67C4B07D1D484FB8000DF22A /* Assets.xcassets in Resources */ = {isa = PBXBuildFile; fileRef = 67C4B07C1D484FB8000DF22A /* Assets.xcassets */; };
		67C4B0801D484FB8000DF22A /* LaunchScreen.storyboard in Resources */ = {isa = PBXBuildFile; fileRef = 67C4B07E1D484FB8000DF22A /* LaunchScreen.storyboard */; };
/* End PBXBuildFile section */

/* Begin PBXFileReference section */
		67C4B06D1D484FB8000DF22A /* blogReadz.app */ = {isa = PBXFileReference; explicitFileType = wrapper.application; includeInIndex = 0; path = blogReadz.app; sourceTree = BUILT_PRODUCTS_DIR; };
		67C4B0701D484FB8000DF22A /* AppDelegate.swift */ = {isa = PBXFileReference; lastKnownFileType = sourcecode.swift; path = AppDelegate.swift; sourceTree = "<group>"; };
		67C4B0731D484FB8000DF22A /* blogReadz.xcdatamodel */ = {isa = PBXFileReference; lastKnownFileType = wrapper.xcdatamodel; path = blogReadz.xcdatamodel; sourceTree = "<group>"; };
		67C4B0751D484FB8000DF22A /* MasterViewController.swift */ = {isa = PBXFileReference; lastKnownFileType = sourcecode.swift; path = MasterViewController.swift; sourceTree = "<group>"; };
		67C4B0771D484FB8000DF22A /* DetailViewController.swift */ = {isa = PBXFileReference; lastKnownFileType = sourcecode.swift; path = DetailViewController.swift; sourceTree = "<group>"; };
		67C4B07A1D484FB8000DF22A /* Base */ = {isa = PBXFileReference; lastKnownFileType = file.storyboard; name = Base; path = Base.lproj/Main.storyboard; sourceTree = "<group>"; };
		67C4B07C1D484FB8000DF22A /* Assets.xcassets */ = {isa = PBXFileReference; lastKnownFileType = folder.assetcatalog; path = Assets.xcassets; sourceTree = "<group>"; };
		67C4B07F1D484FB8000DF22A /* Base */ = {isa = PBXFileReference; lastKnownFileType = file.storyboard; name = Base; path = Base.lproj/LaunchScreen.storyboard; sourceTree = "<group>"; };
		67C4B0811D484FB8000DF22A /* Info.plist */ = {isa = PBXFileReference; lastKnownFileType = text.plist.xml; path = Info.plist; sourceTree = "<group>"; };
/* End PBXFileReference section */

/* Begin PBXFrameworksBuildPhase section */
		67C4B06A1D484FB8000DF22A /* Frameworks */ = {
			isa = PBXFrameworksBuildPhase;
			buildActionMask = 2147483647;
			files = (
			);
			runOnlyForDeploymentPostprocessing = 0;
		};
/* End PBXFrameworksBuildPhase section */

/* Begin PBXGroup section */
		67C4B0641D484FB8000DF22A = {
			isa = PBXGroup;
			children = (
				67C4B06F1D484FB8000DF22A /* blogReadz */,
				67C4B06E1D484FB8000DF22A /* Products */,
			);
			sourceTree = "<group>";
		};
		67C4B06E1D484FB8000DF22A /* Products */ = {
			isa = PBXGroup;
			children = (
				67C4B06D1D484FB8000DF22A /* blogReadz.app */,
			);
			name = Products;
			sourceTree = "<group>";
		};
		67C4B06F1D484FB8000DF22A /* blogReadz */ = {
			isa = PBXGroup;
			children = (
				67C4B0701D484FB8000DF22A /* AppDelegate.swift */,
				67C4B0751D484FB8000DF22A /* MasterViewController.swift */,
				67C4B0771D484FB8000DF22A /* DetailViewController.swift */,
				67C4B0791D484FB8000DF22A /* Main.storyboard */,
				67C4B07C1D484FB8000DF22A /* Assets.xcassets */,
				67C4B07E1D484FB8000DF22A /* LaunchScreen.storyboard */,
				67C4B0811D484FB8000DF22A /* Info.plist */,
				67C4B0721D484FB8000DF22A /* blogReadz.xcdatamodeld */,
			);
			path = blogReadz;
			sourceTree = "<group>";
		};
/* End PBXGroup section */

/* Begin PBXNativeTarget section */
		67C4B06C1D484FB8000DF22A /* blogReadz */ = {
			isa = PBXNativeTarget;
			buildConfigurationList = 67C4B0841D484FB8000DF22A /* Build configuration list for PBXNativeTarget "blogReadz" */;
			buildPhases = (
				67C4B0691D484FB8000DF22A /* Sources */,
				67C4B06A1D484FB8000DF22A /* Frameworks */,
				67C4B06B1D484FB8000DF22A /* Resources */,
			);
			buildRules = (
			);
			dependencies = (
			);
			name = blogReadz;
			productName = blogReadz;
			productReference = 67C4B06D1D484FB8000DF22A /* blogReadz.app */;
			productType = "com.apple.product-type.application";
		};
/* End PBXNativeTarget section */

/* Begin PBXProject section */
		67C4B0651D484FB8000DF22A /* Project object */ = {
			isa = PBXProject;
			attributes = {
				LastSwiftUpdateCheck = 0730;
				LastUpgradeCheck = 0730;
				ORGANIZATIONNAME = "Kaylan Smith";
				TargetAttributes = {
					67C4B06C1D484FB8000DF22A = {
						CreatedOnToolsVersion = 7.3.1;
					};
				};
			};
			buildConfigurationList = 67C4B0681D484FB8000DF22A /* Build configuration list for PBXProject "blogReadz" */;
			compatibilityVersion = "Xcode 3.2";
			developmentRegion = English;
			hasScannedForEncodings = 0;
			knownRegions = (
				en,
				Base,
			);
			mainGroup = 67C4B0641D484FB8000DF22A;
			productRefGroup = 67C4B06E1D484FB8000DF22A /* Products */;
			projectDirPath = "";
			projectRoot = "";
			targets = (
				67C4B06C1D484FB8000DF22A /* blogReadz */,
			);
		};
/* End PBXProject section */

/* Begin PBXResourcesBuildPhase section */
		67C4B06B1D484FB8000DF22A /* Resources */ = {
			isa = PBXResourcesBuildPhase;
			buildActionMask = 2147483647;
			files = (
				67C4B0801D484FB8000DF22A /* LaunchScreen.storyboard in Resources */,
				67C4B07D1D484FB8000DF22A /* Assets.xcassets in Resources */,
				67C4B07B1D484FB8000DF22A /* Main.storyboard in Resources */,
			);
			runOnlyForDeploymentPostprocessing = 0;
		};
/* End PBXResourcesBuildPhase section */

/* Begin PBXSourcesBuildPhase section */
		67C4B0691D484FB8000DF22A /* Sources */ = {
			isa = PBXSourcesBuildPhase;
			buildActionMask = 2147483647;
			files = (
				67C4B0741D484FB8000DF22A /* blogReadz.xcdatamodeld in Sources */,
				67C4B0711D484FB8000DF22A /* AppDelegate.swift in Sources */,
				67C4B0761D484FB8000DF22A /* MasterViewController.swift in Sources */,
				67C4B0781D484FB8000DF22A /* DetailViewController.swift in Sources */,
			);
			runOnlyForDeploymentPostprocessing = 0;
		};
/* End PBXSourcesBuildPhase section */

/* Begin PBXVariantGroup section */
		67C4B0791D484FB8000DF22A /* Main.storyboard */ = {
			isa = PBXVariantGroup;
			children = (
				67C4B07A1D484FB8000DF22A /* Base */,
			);
			name = Main.storyboard;
			sourceTree = "<group>";
		};
		67C4B07E1D484FB8000DF22A /* LaunchScreen.storyboard */ = {
			isa = PBXVariantGroup;
			children = (
				67C4B07F1D484FB8000DF22A /* Base */,
			);
			name = LaunchScreen.storyboard;
			sourceTree = "<group>";
		};
/* End PBXVariantGroup section */

/* Begin XCBuildConfiguration section */
		67C4B0821D484FB8000DF22A /* Debug */ = {
			isa = XCBuildConfiguration;
			buildSettings = {
				ALWAYS_SEARCH_USER_PATHS = NO;
				CLANG_ANALYZER_NONNULL = YES;
				CLANG_CXX_LANGUAGE_STANDARD = "gnu++0x";
				CLANG_CXX_LIBRARY = "libc++";
				CLANG_ENABLE_MODULES = YES;
				CLANG_ENABLE_OBJC_ARC = YES;
				CLANG_WARN_BOOL_CONVERSION = YES;
				CLANG_WARN_CONSTANT_CONVERSION = YES;
				CLANG_WARN_DIRECT_OBJC_ISA_USAGE = YES_ERROR;
				CLANG_WARN_EMPTY_BODY = YES;
				CLANG_WARN_ENUM_CONVERSION = YES;
				CLANG_WARN_INT_CONVERSION = YES;
				CLANG_WARN_OBJC_ROOT_CLASS = YES_ERROR;
				CLANG_WARN_UNREACHABLE_CODE = YES;
				CLANG_WARN__DUPLICATE_METHOD_MATCH = YES;
				"CODE_SIGN_IDENTITY[sdk=iphoneos*]" = "iPhone Developer";
				COPY_PHASE_STRIP = NO;
				DEBUG_INFORMATION_FORMAT = dwarf;
				ENABLE_STRICT_OBJC_MSGSEND = YES;
				ENABLE_TESTABILITY = YES;
				GCC_C_LANGUAGE_STANDARD = gnu99;
				GCC_DYNAMIC_NO_PIC = NO;
				GCC_NO_COMMON_BLOCKS = YES;
				GCC_OPTIMIZATION_LEVEL = 0;
				GCC_PREPROCESSOR_DEFINITIONS = (
					"DEBUG=1",
					"$(inherited)",
				);
				GCC_WARN_64_TO_32_BIT_CONVERSION = YES;
				GCC_WARN_ABOUT_RETURN_TYPE = YES_ERROR;
				GCC_WARN_UNDECLARED_SELECTOR = YES;
				GCC_WARN_UNINITIALIZED_AUTOS = YES_AGGRESSIVE;
				GCC_WARN_UNUSED_FUNCTION = YES;
				GCC_WARN_UNUSED_VARIABLE = YES;
				IPHONEOS_DEPLOYMENT_TARGET = 9.3;
				MTL_ENABLE_DEBUG_INFO = YES;
				ONLY_ACTIVE_ARCH = YES;
				SDKROOT = iphoneos;
				SWIFT_OPTIMIZATION_LEVEL = "-Onone";
			};
			name = Debug;
		};
		67C4B0831D484FB8000DF22A /* Release */ = {
			isa = XCBuildConfiguration;
			buildSettings = {
				ALWAYS_SEARCH_USER_PATHS = NO;
				CLANG_ANALYZER_NONNULL = YES;
				CLANG_CXX_LANGUAGE_STANDARD = "gnu++0x";
				CLANG_CXX_LIBRARY = "libc++";
				CLANG_ENABLE_MODULES = YES;
				CLANG_ENABLE_OBJC_ARC = YES;
				CLANG_WARN_BOOL_CONVERSION = YES;
				CLANG_WARN_CONSTANT_CONVERSION = YES;
				CLANG_WARN_DIRECT_OBJC_ISA_USAGE = YES_ERROR;
				CLANG_WARN_EMPTY_BODY = YES;
				CLANG_WARN_ENUM_CONVERSION = YES;
				CLANG_WARN_INT_CONVERSION = YES;
				CLANG_WARN_OBJC_ROOT_CLASS = YES_ERROR;
				CLANG_WARN_UNREACHABLE_CODE = YES;
				CLANG_WARN__DUPLICATE_METHOD_MATCH = YES;
				"CODE_SIGN_IDENTITY[sdk=iphoneos*]" = "iPhone Developer";
				COPY_PHASE_STRIP = NO;
				DEBUG_INFORMATION_FORMAT = "dwarf-with-dsym";
				ENABLE_NS_ASSERTIONS = NO;
				ENABLE_STRICT_OBJC_MSGSEND = YES;
				GCC_C_LANGUAGE_STANDARD = gnu99;
				GCC_NO_COMMON_BLOCKS = YES;
				GCC_WARN_64_TO_32_BIT_CONVERSION = YES;
				GCC_WARN_ABOUT_RETURN_TYPE = YES_ERROR;
				GCC_WARN_UNDECLARED_SELECTOR = YES;
				GCC_WARN_UNINITIALIZED_AUTOS = YES_AGGRESSIVE;
				GCC_WARN_UNUSED_FUNCTION = YES;
				GCC_WARN_UNUSED_VARIABLE = YES;
				IPHONEOS_DEPLOYMENT_TARGET = 9.3;
				MTL_ENABLE_DEBUG_INFO = NO;
				SDKROOT = iphoneos;
				VALIDATE_PRODUCT = YES;
			};
			name = Release;
		};
		67C4B0851D484FB8000DF22A /* Debug */ = {
			isa = XCBuildConfiguration;
			buildSettings = {
				ASSETCATALOG_COMPILER_APPICON_NAME = AppIcon;
				INFOPLIST_FILE = blogReadz/Info.plist;
				LD_RUNPATH_SEARCH_PATHS = "$(inherited) @executable_path/Frameworks";
				PRODUCT_BUNDLE_IDENTIFIER = com.kaylansmith.blogReadz;
				PRODUCT_NAME = "$(TARGET_NAME)";
			};
			name = Debug;
		};
		67C4B0861D484FB8000DF22A /* Release */ = {
			isa = XCBuildConfiguration;
			buildSettings = {
				ASSETCATALOG_COMPILER_APPICON_NAME = AppIcon;
				INFOPLIST_FILE = blogReadz/Info.plist;
				LD_RUNPATH_SEARCH_PATHS = "$(inherited) @executable_path/Frameworks";
				PRODUCT_BUNDLE_IDENTIFIER = com.kaylansmith.blogReadz;
				PRODUCT_NAME = "$(TARGET_NAME)";
			};
			name = Release;
		};
/* End XCBuildConfiguration section */

/* Begin XCConfigurationList section */
		67C4B0681D484FB8000DF22A /* Build configuration list for PBXProject "blogReadz" */ = {
			isa = XCConfigurationList;
			buildConfigurations = (
				67C4B0821D484FB8000DF22A /* Debug */,
				67C4B0831D484FB8000DF22A /* Release */,
			);
			defaultConfigurationIsVisible = 0;
			defaultConfigurationName = Release;
		};
		67C4B0841D484FB8000DF22A /* Build configuration list for PBXNativeTarget "blogReadz" */ = {
			isa = XCConfigurationList;
			buildConfigurations = (
				67C4B0851D484FB8000DF22A /* Debug */,
				67C4B0861D484FB8000DF22A /* Release */,
			);
			defaultConfigurationIsVisible = 0;
		};
/* End XCConfigurationList section */

/* Begin XCVersionGroup section */
		67C4B0721D484FB8000DF22A /* blogReadz.xcdatamodeld */ = {
			isa = XCVersionGroup;
			children = (
				67C4B0731D484FB8000DF22A /* blogReadz.xcdatamodel */,
			);
			currentVersion = 67C4B0731D484FB8000DF22A /* blogReadz.xcdatamodel */;
			path = blogReadz.xcdatamodeld;
			sourceTree = "<group>";
			versionGroupType = wrapper.xcdatamodel;
		};
/* End XCVersionGroup section */
	};
	rootObject = 67C4B0651D484FB8000DF22A /* Project object */;
}
